
Microsoft Visual Studio Solution File, Format Version 12.00
# Visual Studio 15
VisualStudioVersion = 15.0.28010.2036
MinimumVisualStudioVersion = 10.0.40219.1
Project("{FAE04EC0-301F-11D3-BF4B-00C04F79EFBC}") = "DotNetCoreWebAppSample", "DotNetCoreWebAppSample\DotNetCoreWebAppSample.csproj", "{C9493D4F-53D4-432C-BC6A-513333A4B94A}"
EndProject
Global
	GlobalSection(SolutionConfigurationPlatforms) = preSolution
		Debug|Any CPU = Debug|Any CPU
		Release|Any CPU = Release|Any CPU
	EndGlobalSection
	GlobalSection(ProjectConfigurationPlatforms) = postSolution
		{C9493D4F-53D4-432C-BC6A-513333A4B94A}.Debug|Any CPU.ActiveCfg = Debug|Any CPU
		{C9493D4F-53D4-432C-BC6A-513333A4B94A}.Debug|Any CPU.Build.0 = Debug|Any CPU
		{C9493D4F-53D4-432C-BC6A-513333A4B94A}.Release|Any CPU.ActiveCfg = Release|Any CPU
		{C9493D4F-53D4-432C-BC6A-513333A4B94A}.Release|Any CPU.Build.0 = Release|Any CPU
	EndGlobalSection
	GlobalSection(SolutionProperties) = preSolution
		HideSolutionNode = FALSE
	EndGlobalSection
	GlobalSection(ExtensibilityGlobals) = postSolution
		SolutionGuid = {EA685D98-DFBE-4B52-89CC-DB3CCA10CF4E}
	EndGlobalSection
EndGlobal
